// !$*UTF8*$!
{
	archiveVersion = 1;
	classes = {
	};
	objectVersion = 56;
	objects = {

/* Begin PBXBuildFile section */
		6624F6B32BBD6A7700EC29BA /* ScrollViewReaderApp.swift in Sources */ = {isa = PBXBuildFile; fileRef = 6624F6B22BBD6A7700EC29BA /* ScrollViewReaderApp.swift */; };
		6624F6B52BBD6A7700EC29BA /* ContentView.swift in Sources */ = {isa = PBXBuildFile; fileRef = 6624F6B42BBD6A7700EC29BA /* ContentView.swift */; };
		6624F6B72BBD6A7700EC29BA /* Item.swift in Sources */ = {isa = PBXBuildFile; fileRef = 6624F6B62BBD6A7700EC29BA /* Item.swift */; };
		6624F6B92BBD6A7C00EC29BA /* Assets.xcassets in Resources */ = {isa = PBXBuildFile; fileRef = 6624F6B82BBD6A7C00EC29BA /* Assets.xcassets */; };
		6624F6BC2BBD6A7C00EC29BA /* Preview Assets.xcassets in Resources */ = {isa = PBXBuildFile; fileRef = 6624F6BB2BBD6A7C00EC29BA /* Preview Assets.xcassets */; };
		6624F6C62BBD6A7C00EC29BA /* ScrollViewReaderTests.swift in Sources */ = {isa = PBXBuildFile; fileRef = 6624F6C52BBD6A7C00EC29BA /* ScrollViewReaderTests.swift */; };
		6624F6D02BBD6A7C00EC29BA /* ScrollViewReaderUITests.swift in Sources */ = {isa = PBXBuildFile; fileRef = 6624F6CF2BBD6A7C00EC29BA /* ScrollViewReaderUITests.swift */; };
		6624F6D22BBD6A7C00EC29BA /* ScrollViewReaderUITestsLaunchTests.swift in Sources */ = {isa = PBXBuildFile; fileRef = 6624F6D12BBD6A7C00EC29BA /* ScrollViewReaderUITestsLaunchTests.swift */; };
/* End PBXBuildFile section */

/* Begin PBXContainerItemProxy section */
		6624F6C22BBD6A7C00EC29BA /* PBXContainerItemProxy */ = {
			isa = PBXContainerItemProxy;
			containerPortal = 6624F6A72BBD6A7700EC29BA /* Project object */;
			proxyType = 1;
			remoteGlobalIDString = 6624F6AE2BBD6A7700EC29BA;
			remoteInfo = ScrollViewReader;
		};
		6624F6CC2BBD6A7C00EC29BA /* PBXContainerItemProxy */ = {
			isa = PBXContainerItemProxy;
			containerPortal = 6624F6A72BBD6A7700EC29BA /* Project object */;
			proxyType = 1;
			remoteGlobalIDString = 6624F6AE2BBD6A7700EC29BA;
			remoteInfo = ScrollViewReader;
		};
/* End PBXContainerItemProxy section */

/* Begin PBXFileReference section */
		6624F6AF2BBD6A7700EC29BA /* ScrollViewReader.app */ = {isa = PBXFileReference; explicitFileType = wrapper.application; includeInIndex = 0; path = ScrollViewReader.app; sourceTree = BUILT_PRODUCTS_DIR; };
		6624F6B22BBD6A7700EC29BA /* ScrollViewReaderApp.swift */ = {isa = PBXFileReference; lastKnownFileType = sourcecode.swift; path = ScrollViewReaderApp.swift; sourceTree = "<group>"; };
		6624F6B42BBD6A7700EC29BA /* ContentView.swift */ = {isa = PBXFileReference; lastKnownFileType = sourcecode.swift; path = ContentView.swift; sourceTree = "<group>"; };
		6624F6B62BBD6A7700EC29BA /* Item.swift */ = {isa = PBXFileReference; lastKnownFileType = sourcecode.swift; path = Item.swift; sourceTree = "<group>"; };
		6624F6B82BBD6A7C00EC29BA /* Assets.xcassets */ = {isa = PBXFileReference; lastKnownFileType = folder.assetcatalog; path = Assets.xcassets; sourceTree = "<group>"; };
		6624F6BB2BBD6A7C00EC29BA /* Preview Assets.xcassets */ = {isa = PBXFileReference; lastKnownFileType = folder.assetcatalog; path = "Preview Assets.xcassets"; sourceTree = "<group>"; };
		6624F6C12BBD6A7C00EC29BA /* ScrollViewReaderTests.xctest */ = {isa = PBXFileReference; explicitFileType = wrapper.cfbundle; includeInIndex = 0; path = ScrollViewReaderTests.xctest; sourceTree = BUILT_PRODUCTS_DIR; };
		6624F6C52BBD6A7C00EC29BA /* ScrollViewReaderTests.swift */ = {isa = PBXFileReference; lastKnownFileType = sourcecode.swift; path = ScrollViewReaderTests.swift; sourceTree = "<group>"; };
		6624F6CB2BBD6A7C00EC29BA /* ScrollViewReaderUITests.xctest */ = {isa = PBXFileReference; explicitFileType = wrapper.cfbundle; includeInIndex = 0; path = ScrollViewReaderUITests.xctest; sourceTree = BUILT_PRODUCTS_DIR; };
		6624F6CF2BBD6A7C00EC29BA /* ScrollViewReaderUITests.swift */ = {isa = PBXFileReference; lastKnownFileType = sourcecode.swift; path = ScrollViewReaderUITests.swift; sourceTree = "<group>"; };
		6624F6D12BBD6A7C00EC29BA /* ScrollViewReaderUITestsLaunchTests.swift */ = {isa = PBXFileReference; lastKnownFileType = sourcecode.swift; path = ScrollViewReaderUITestsLaunchTests.swift; sourceTree = "<group>"; };
/* End PBXFileReference section */

/* Begin PBXFrameworksBuildPhase section */
		6624F6AC2BBD6A7700EC29BA /* Frameworks */ = {
			isa = PBXFrameworksBuildPhase;
			buildActionMask = 2147483647;
			files = (
			);
			runOnlyForDeploymentPostprocessing = 0;
		};
		6624F6BE2BBD6A7C00EC29BA /* Frameworks */ = {
			isa = PBXFrameworksBuildPhase;
			buildActionMask = 2147483647;
			files = (
			);
			runOnlyForDeploymentPostprocessing = 0;
		};
		6624F6C82BBD6A7C00EC29BA /* Frameworks */ = {
			isa = PBXFrameworksBuildPhase;
			buildActionMask = 2147483647;
			files = (
			);
			runOnlyForDeploymentPostprocessing = 0;
		};
/* End PBXFrameworksBuildPhase section */

/* Begin PBXGroup section */
		6624F6A62BBD6A7700EC29BA = {
			isa = PBXGroup;
			children = (
				6624F6B12BBD6A7700EC29BA /* ScrollViewReader */,
				6624F6C42BBD6A7C00EC29BA /* ScrollViewReaderTests */,
				6624F6CE2BBD6A7C00EC29BA /* ScrollViewReaderUITests */,
				6624F6B02BBD6A7700EC29BA /* Products */,
			);
			sourceTree = "<group>";
		};
		6624F6B02BBD6A7700EC29BA /* Products */ = {
			isa = PBXGroup;
			children = (
				6624F6AF2BBD6A7700EC29BA /* ScrollViewReader.app */,
				6624F6C12BBD6A7C00EC29BA /* ScrollViewReaderTests.xctest */,
				6624F6CB2BBD6A7C00EC29BA /* ScrollViewReaderUITests.xctest */,
			);
			name = Products;
			sourceTree = "<group>";
		};
		6624F6B12BBD6A7700EC29BA /* ScrollViewReader */ = {
			isa = PBXGroup;
			children = (
				6624F6B22BBD6A7700EC29BA /* ScrollViewReaderApp.swift */,
				6624F6B42BBD6A7700EC29BA /* ContentView.swift */,
				6624F6B62BBD6A7700EC29BA /* Item.swift */,
				6624F6B82BBD6A7C00EC29BA /* Assets.xcassets */,
				6624F6BA2BBD6A7C00EC29BA /* Preview Content */,
			);
			path = ScrollViewReader;
			sourceTree = "<group>";
		};
		6624F6BA2BBD6A7C00EC29BA /* Preview Content */ = {
			isa = PBXGroup;
			children = (
				6624F6BB2BBD6A7C00EC29BA /* Preview Assets.xcassets */,
			);
			path = "Preview Content";
			sourceTree = "<group>";
		};
		6624F6C42BBD6A7C00EC29BA /* ScrollViewReaderTests */ = {
			isa = PBXGroup;
			children = (
				6624F6C52BBD6A7C00EC29BA /* ScrollViewReaderTests.swift */,
			);
			path = ScrollViewReaderTests;
			sourceTree = "<group>";
		};
		6624F6CE2BBD6A7C00EC29BA /* ScrollViewReaderUITests */ = {
			isa = PBXGroup;
			children = (
				6624F6CF2BBD6A7C00EC29BA /* ScrollViewReaderUITests.swift */,
				6624F6D12BBD6A7C00EC29BA /* ScrollViewReaderUITestsLaunchTests.swift */,
			);
			path = ScrollViewReaderUITests;
			sourceTree = "<group>";
		};
/* End PBXGroup section */

/* Begin PBXNativeTarget section */
		6624F6AE2BBD6A7700EC29BA /* ScrollViewReader */ = {
			isa = PBXNativeTarget;
			buildConfigurationList = 6624F6D52BBD6A7C00EC29BA /* Build configuration list for PBXNativeTarget "ScrollViewReader" */;
			buildPhases = (
				6624F6AB2BBD6A7700EC29BA /* Sources */,
				6624F6AC2BBD6A7700EC29BA /* Frameworks */,
				6624F6AD2BBD6A7700EC29BA /* Resources */,
			);
			buildRules = (
			);
			dependencies = (
			);
			name = ScrollViewReader;
			productName = ScrollViewReader;
			productReference = 6624F6AF2BBD6A7700EC29BA /* ScrollViewReader.app */;
			productType = "com.apple.product-type.application";
		};
		6624F6C02BBD6A7C00EC29BA /* ScrollViewReaderTests */ = {
			isa = PBXNativeTarget;
			buildConfigurationList = 6624F6D82BBD6A7C00EC29BA /* Build configuration list for PBXNativeTarget "ScrollViewReaderTests" */;
			buildPhases = (
				6624F6BD2BBD6A7C00EC29BA /* Sources */,
				6624F6BE2BBD6A7C00EC29BA /* Frameworks */,
				6624F6BF2BBD6A7C00EC29BA /* Resources */,
			);
			buildRules = (
			);
			dependencies = (
				6624F6C32BBD6A7C00EC29BA /* PBXTargetDependency */,
			);
			name = ScrollViewReaderTests;
			productName = ScrollViewReaderTests;
			productReference = 6624F6C12BBD6A7C00EC29BA /* ScrollViewReaderTests.xctest */;
			productType = "com.apple.product-type.bundle.unit-test";
		};
		6624F6CA2BBD6A7C00EC29BA /* ScrollViewReaderUITests */ = {
			isa = PBXNativeTarget;
			buildConfigurationList = 6624F6DB2BBD6A7C00EC29BA /* Build configuration list for PBXNativeTarget "ScrollViewReaderUITests" */;
			buildPhases = (
				6624F6C72BBD6A7C00EC29BA /* Sources */,
				6624F6C82BBD6A7C00EC29BA /* Frameworks */,
				6624F6C92BBD6A7C00EC29BA /* Resources */,
			);
			buildRules = (
			);
			dependencies = (
				6624F6CD2BBD6A7C00EC29BA /* PBXTargetDependency */,
			);
			name = ScrollViewReaderUITests;
			productName = ScrollViewReaderUITests;
			productReference = 6624F6CB2BBD6A7C00EC29BA /* ScrollViewReaderUITests.xctest */;
			productType = "com.apple.product-type.bundle.ui-testing";
		};
/* End PBXNativeTarget section */

/* Begin PBXProject section */
		6624F6A72BBD6A7700EC29BA /* Project object */ = {
			isa = PBXProject;
			attributes = {
				BuildIndependentTargetsInParallel = 1;
				LastSwiftUpdateCheck = 1530;
				LastUpgradeCheck = 1530;
				TargetAttributes = {
					6624F6AE2BBD6A7700EC29BA = {
						CreatedOnToolsVersion = 15.3;
					};
					6624F6C02BBD6A7C00EC29BA = {
						CreatedOnToolsVersion = 15.3;
						TestTargetID = 6624F6AE2BBD6A7700EC29BA;
					};
					6624F6CA2BBD6A7C00EC29BA = {
						CreatedOnToolsVersion = 15.3;
						TestTargetID = 6624F6AE2BBD6A7700EC29BA;
					};
				};
			};
			buildConfigurationList = 6624F6AA2BBD6A7700EC29BA /* Build configuration list for PBXProject "ScrollViewReader" */;
			compatibilityVersion = "Xcode 14.0";
			developmentRegion = en;
			hasScannedForEncodings = 0;
			knownRegions = (
				en,
				Base,
			);
			mainGroup = 6624F6A62BBD6A7700EC29BA;
			productRefGroup = 6624F6B02BBD6A7700EC29BA /* Products */;
			projectDirPath = "";
			projectRoot = "";
			targets = (
				6624F6AE2BBD6A7700EC29BA /* ScrollViewReader */,
				6624F6C02BBD6A7C00EC29BA /* ScrollViewReaderTests */,
				6624F6CA2BBD6A7C00EC29BA /* ScrollViewReaderUITests */,
			);
		};
/* End PBXProject section */

/* Begin PBXResourcesBuildPhase section */
		6624F6AD2BBD6A7700EC29BA /* Resources */ = {
			isa = PBXResourcesBuildPhase;
			buildActionMask = 2147483647;
			files = (
				6624F6BC2BBD6A7C00EC29BA /* Preview Assets.xcassets in Resources */,
				6624F6B92BBD6A7C00EC29BA /* Assets.xcassets in Resources */,
			);
			runOnlyForDeploymentPostprocessing = 0;
		};
		6624F6BF2BBD6A7C00EC29BA /* Resources */ = {
			isa = PBXResourcesBuildPhase;
			buildActionMask = 2147483647;
			files = (
			);
			runOnlyForDeploymentPostprocessing = 0;
		};
		6624F6C92BBD6A7C00EC29BA /* Resources */ = {
			isa = PBXResourcesBuildPhase;
			buildActionMask = 2147483647;
			files = (
			);
			runOnlyForDeploymentPostprocessing = 0;
		};
/* End PBXResourcesBuildPhase section */

/* Begin PBXSourcesBuildPhase section */
		6624F6AB2BBD6A7700EC29BA /* Sources */ = {
			isa = PBXSourcesBuildPhase;
			buildActionMask = 2147483647;
			files = (
				6624F6B52BBD6A7700EC29BA /* ContentView.swift in Sources */,
				6624F6B72BBD6A7700EC29BA /* Item.swift in Sources */,
				6624F6B32BBD6A7700EC29BA /* ScrollViewReaderApp.swift in Sources */,
			);
			runOnlyForDeploymentPostprocessing = 0;
		};
		6624F6BD2BBD6A7C00EC29BA /* Sources */ = {
			isa = PBXSourcesBuildPhase;
			buildActionMask = 2147483647;
			files = (
				6624F6C62BBD6A7C00EC29BA /* ScrollViewReaderTests.swift in Sources */,
			);
			runOnlyForDeploymentPostprocessing = 0;
		};
		6624F6C72BBD6A7C00EC29BA /* Sources */ = {
			isa = PBXSourcesBuildPhase;
			buildActionMask = 2147483647;
			files = (
				6624F6D02BBD6A7C00EC29BA /* ScrollViewReaderUITests.swift in Sources */,
				6624F6D22BBD6A7C00EC29BA /* ScrollViewReaderUITestsLaunchTests.swift in Sources */,
			);
			runOnlyForDeploymentPostprocessing = 0;
		};
/* End PBXSourcesBuildPhase section */

/* Begin PBXTargetDependency section */
		6624F6C32BBD6A7C00EC29BA /* PBXTargetDependency */ = {
			isa = PBXTargetDependency;
			target = 6624F6AE2BBD6A7700EC29BA /* ScrollViewReader */;
			targetProxy = 6624F6C22BBD6A7C00EC29BA /* PBXContainerItemProxy */;
		};
		6624F6CD2BBD6A7C00EC29BA /* PBXTargetDependency */ = {
			isa = PBXTargetDependency;
			target = 6624F6AE2BBD6A7700EC29BA /* ScrollViewReader */;
			targetProxy = 6624F6CC2BBD6A7C00EC29BA /* PBXContainerItemProxy */;
		};
/* End PBXTargetDependency section */

/* Begin XCBuildConfiguration section */
		6624F6D32BBD6A7C00EC29BA /* Debug */ = {
			isa = XCBuildConfiguration;
			buildSettings = {
				ALWAYS_SEARCH_USER_PATHS = NO;
				ASSETCATALOG_COMPILER_GENERATE_SWIFT_ASSET_SYMBOL_EXTENSIONS = YES;
				CLANG_ANALYZER_NONNULL = YES;
				CLANG_ANALYZER_NUMBER_OBJECT_CONVERSION = YES_AGGRESSIVE;
				CLANG_CXX_LANGUAGE_STANDARD = "gnu++20";
				CLANG_ENABLE_MODULES = YES;
				CLANG_ENABLE_OBJC_ARC = YES;
				CLANG_ENABLE_OBJC_WEAK = YES;
				CLANG_WARN_BLOCK_CAPTURE_AUTORELEASING = YES;
				CLANG_WARN_BOOL_CONVERSION = YES;
				CLANG_WARN_COMMA = YES;
				CLANG_WARN_CONSTANT_CONVERSION = YES;
				CLANG_WARN_DEPRECATED_OBJC_IMPLEMENTATIONS = YES;
				CLANG_WARN_DIRECT_OBJC_ISA_USAGE = YES_ERROR;
				CLANG_WARN_DOCUMENTATION_COMMENTS = YES;
				CLANG_WARN_EMPTY_BODY = YES;
				CLANG_WARN_ENUM_CONVERSION = YES;
				CLANG_WARN_INFINITE_RECURSION = YES;
				CLANG_WARN_INT_CONVERSION = YES;
				CLANG_WARN_NON_LITERAL_NULL_CONVERSION = YES;
				CLANG_WARN_OBJC_IMPLICIT_RETAIN_SELF = YES;
				CLANG_WARN_OBJC_LITERAL_CONVERSION = YES;
				CLANG_WARN_OBJC_ROOT_CLASS = YES_ERROR;
				CLANG_WARN_QUOTED_INCLUDE_IN_FRAMEWORK_HEADER = YES;
				CLANG_WARN_RANGE_LOOP_ANALYSIS = YES;
				CLANG_WARN_STRICT_PROTOTYPES = YES;
				CLANG_WARN_SUSPICIOUS_MOVE = YES;
				CLANG_WARN_UNGUARDED_AVAILABILITY = YES_AGGRESSIVE;
				CLANG_WARN_UNREACHABLE_CODE = YES;
				CLANG_WARN__DUPLICATE_METHOD_MATCH = YES;
				COPY_PHASE_STRIP = NO;
				DEBUG_INFORMATION_FORMAT = dwarf;
				ENABLE_STRICT_OBJC_MSGSEND = YES;
				ENABLE_TESTABILITY = YES;
				ENABLE_USER_SCRIPT_SANDBOXING = YES;
				GCC_C_LANGUAGE_STANDARD = gnu17;
				GCC_DYNAMIC_NO_PIC = NO;
				GCC_NO_COMMON_BLOCKS = YES;
				GCC_OPTIMIZATION_LEVEL = 0;
				GCC_PREPROCESSOR_DEFINITIONS = (
					"DEBUG=1",
					"$(inherited)",
				);
				GCC_WARN_64_TO_32_BIT_CONVERSION = YES;
				GCC_WARN_ABOUT_RETURN_TYPE = YES_ERROR;
				GCC_WARN_UNDECLARED_SELECTOR = YES;
				GCC_WARN_UNINITIALIZED_AUTOS = YES_AGGRESSIVE;
				GCC_WARN_UNUSED_FUNCTION = YES;
				GCC_WARN_UNUSED_VARIABLE = YES;
				IPHONEOS_DEPLOYMENT_TARGET = 17.4;
				LOCALIZATION_PREFERS_STRING_CATALOGS = YES;
				MTL_ENABLE_DEBUG_INFO = INCLUDE_SOURCE;
				MTL_FAST_MATH = YES;
				ONLY_ACTIVE_ARCH = YES;
				SDKROOT = iphoneos;
				SWIFT_ACTIVE_COMPILATION_CONDITIONS = "DEBUG $(inherited)";
				SWIFT_OPTIMIZATION_LEVEL = "-Onone";
			};
			name = Debug;
		};
		6624F6D42BBD6A7C00EC29BA /* Release */ = {
			isa = XCBuildConfiguration;
			buildSettings = {
				ALWAYS_SEARCH_USER_PATHS = NO;
				ASSETCATALOG_COMPILER_GENERATE_SWIFT_ASSET_SYMBOL_EXTENSIONS = YES;
				CLANG_ANALYZER_NONNULL = YES;
				CLANG_ANALYZER_NUMBER_OBJECT_CONVERSION = YES_AGGRESSIVE;
				CLANG_CXX_LANGUAGE_STANDARD = "gnu++20";
				CLANG_ENABLE_MODULES = YES;
				CLANG_ENABLE_OBJC_ARC = YES;
				CLANG_ENABLE_OBJC_WEAK = YES;
				CLANG_WARN_BLOCK_CAPTURE_AUTORELEASING = YES;
				CLANG_WARN_BOOL_CONVERSION = YES;
				CLANG_WARN_COMMA = YES;
				CLANG_WARN_CONSTANT_CONVERSION = YES;
				CLANG_WARN_DEPRECATED_OBJC_IMPLEMENTATIONS = YES;
				CLANG_WARN_DIRECT_OBJC_ISA_USAGE = YES_ERROR;
				CLANG_WARN_DOCUMENTATION_COMMENTS = YES;
				CLANG_WARN_EMPTY_BODY = YES;
				CLANG_WARN_ENUM_CONVERSION = YES;
				CLANG_WARN_INFINITE_RECURSION = YES;
				CLANG_WARN_INT_CONVERSION = YES;
				CLANG_WARN_NON_LITERAL_NULL_CONVERSION = YES;
				CLANG_WARN_OBJC_IMPLICIT_RETAIN_SELF = YES;
				CLANG_WARN_OBJC_LITERAL_CONVERSION = YES;
				CLANG_WARN_OBJC_ROOT_CLASS = YES_ERROR;
				CLANG_WARN_QUOTED_INCLUDE_IN_FRAMEWORK_HEADER = YES;
				CLANG_WARN_RANGE_LOOP_ANALYSIS = YES;
				CLANG_WARN_STRICT_PROTOTYPES = YES;
				CLANG_WARN_SUSPICIOUS_MOVE = YES;
				CLANG_WARN_UNGUARDED_AVAILABILITY = YES_AGGRESSIVE;
				CLANG_WARN_UNREACHABLE_CODE = YES;
				CLANG_WARN__DUPLICATE_METHOD_MATCH = YES;
				COPY_PHASE_STRIP = NO;
				DEBUG_INFORMATION_FORMAT = "dwarf-with-dsym";
				ENABLE_NS_ASSERTIONS = NO;
				ENABLE_STRICT_OBJC_MSGSEND = YES;
				ENABLE_USER_SCRIPT_SANDBOXING = YES;
				GCC_C_LANGUAGE_STANDARD = gnu17;
				GCC_NO_COMMON_BLOCKS = YES;
				GCC_WARN_64_TO_32_BIT_CONVERSION = YES;
				GCC_WARN_ABOUT_RETURN_TYPE = YES_ERROR;
				GCC_WARN_UNDECLARED_SELECTOR = YES;
				GCC_WARN_UNINITIALIZED_AUTOS = YES_AGGRESSIVE;
				GCC_WARN_UNUSED_FUNCTION = YES;
				GCC_WARN_UNUSED_VARIABLE = YES;
				IPHONEOS_DEPLOYMENT_TARGET = 17.4;
				LOCALIZATION_PREFERS_STRING_CATALOGS = YES;
				MTL_ENABLE_DEBUG_INFO = NO;
				MTL_FAST_MATH = YES;
				SDKROOT = iphoneos;
				SWIFT_COMPILATION_MODE = wholemodule;
				VALIDATE_PRODUCT = YES;
			};
			name = Release;
		};
		6624F6D62BBD6A7C00EC29BA /* Debug */ = {
			isa = XCBuildConfiguration;
			buildSettings = {
				ASSETCATALOG_COMPILER_APPICON_NAME = AppIcon;
				ASSETCATALOG_COMPILER_GLOBAL_ACCENT_COLOR_NAME = AccentColor;
				CODE_SIGN_STYLE = Automatic;
				CURRENT_PROJECT_VERSION = 1;
				DEVELOPMENT_ASSET_PATHS = "\"ScrollViewReader/Preview Content\"";
				ENABLE_PREVIEWS = YES;
				GENERATE_INFOPLIST_FILE = YES;
				INFOPLIST_KEY_UIApplicationSceneManifest_Generation = YES;
				INFOPLIST_KEY_UIApplicationSupportsIndirectInputEvents = YES;
				INFOPLIST_KEY_UILaunchScreen_Generation = YES;
				INFOPLIST_KEY_UISupportedInterfaceOrientations_iPad = "UIInterfaceOrientationPortrait UIInterfaceOrientationPortraitUpsideDown UIInterfaceOrientationLandscapeLeft UIInterfaceOrientationLandscapeRight";
				INFOPLIST_KEY_UISupportedInterfaceOrientations_iPhone = "UIInterfaceOrientationPortrait UIInterfaceOrientationLandscapeLeft UIInterfaceOrientationLandscapeRight";
				LD_RUNPATH_SEARCH_PATHS = (
					"$(inherited)",
					"@executable_path/Frameworks",
				);
				MARKETING_VERSION = 1.0;
				PRODUCT_BUNDLE_IDENTIFIER = abhishek.ScrollViewReader;
				PRODUCT_NAME = "$(TARGET_NAME)";
				SWIFT_EMIT_LOC_STRINGS = YES;
				SWIFT_VERSION = 5.0;
				TARGETED_DEVICE_FAMILY = "1,2";
			};
			name = Debug;
		};
		6624F6D72BBD6A7C00EC29BA /* Release */ = {
			isa = XCBuildConfiguration;
			buildSettings = {
				ASSETCATALOG_COMPILER_APPICON_NAME = AppIcon;
				ASSETCATALOG_COMPILER_GLOBAL_ACCENT_COLOR_NAME = AccentColor;
				CODE_SIGN_STYLE = Automatic;
				CURRENT_PROJECT_VERSION = 1;
				DEVELOPMENT_ASSET_PATHS = "\"ScrollViewReader/Preview Content\"";
				ENABLE_PREVIEWS = YES;
				GENERATE_INFOPLIST_FILE = YES;
				INFOPLIST_KEY_UIApplicationSceneManifest_Generation = YES;
				INFOPLIST_KEY_UIApplicationSupportsIndirectInputEvents = YES;
				INFOPLIST_KEY_UILaunchScreen_Generation = YES;
				INFOPLIST_KEY_UISupportedInterfaceOrientations_iPad = "UIInterfaceOrientationPortrait UIInterfaceOrientationPortraitUpsideDown UIInterfaceOrientationLandscapeLeft UIInterfaceOrientationLandscapeRight";
				INFOPLIST_KEY_UISupportedInterfaceOrientations_iPhone = "UIInterfaceOrientationPortrait UIInterfaceOrientationLandscapeLeft UIInterfaceOrientationLandscapeRight";
				LD_RUNPATH_SEARCH_PATHS = (
					"$(inherited)",
					"@executable_path/Frameworks",
				);
				MARKETING_VERSION = 1.0;
				PRODUCT_BUNDLE_IDENTIFIER = abhishek.ScrollViewReader;
				PRODUCT_NAME = "$(TARGET_NAME)";
				SWIFT_EMIT_LOC_STRINGS = YES;
				SWIFT_VERSION = 5.0;
				TARGETED_DEVICE_FAMILY = "1,2";
			};
			name = Release;
		};
		6624F6D92BBD6A7C00EC29BA /* Debug */ = {
			isa = XCBuildConfiguration;
			buildSettings = {
				ALWAYS_EMBED_SWIFT_STANDARD_LIBRARIES = YES;
				BUNDLE_LOADER = "$(TEST_HOST)";
				CODE_SIGN_STYLE = Automatic;
				CURRENT_PROJECT_VERSION = 1;
				GENERATE_INFOPLIST_FILE = YES;
				IPHONEOS_DEPLOYMENT_TARGET = 17.4;
				MARKETING_VERSION = 1.0;
				PRODUCT_BUNDLE_IDENTIFIER = abhishek.ScrollViewReaderTests;
				PRODUCT_NAME = "$(TARGET_NAME)";
				SWIFT_EMIT_LOC_STRINGS = NO;
				SWIFT_VERSION = 5.0;
				TARGETED_DEVICE_FAMILY = "1,2";
				TEST_HOST = "$(BUILT_PRODUCTS_DIR)/ScrollViewReader.app/$(BUNDLE_EXECUTABLE_FOLDER_PATH)/ScrollViewReader";
			};
			name = Debug;
		};
		6624F6DA2BBD6A7C00EC29BA /* Release */ = {
			isa = XCBuildConfiguration;
			buildSettings = {
				ALWAYS_EMBED_SWIFT_STANDARD_LIBRARIES = YES;
				BUNDLE_LOADER = "$(TEST_HOST)";
				CODE_SIGN_STYLE = Automatic;
				CURRENT_PROJECT_VERSION = 1;
				GENERATE_INFOPLIST_FILE = YES;
				IPHONEOS_DEPLOYMENT_TARGET = 17.4;
				MARKETING_VERSION = 1.0;
				PRODUCT_BUNDLE_IDENTIFIER = abhishek.ScrollViewReaderTests;
				PRODUCT_NAME = "$(TARGET_NAME)";
				SWIFT_EMIT_LOC_STRINGS = NO;
				SWIFT_VERSION = 5.0;
				TARGETED_DEVICE_FAMILY = "1,2";
				TEST_HOST = "$(BUILT_PRODUCTS_DIR)/ScrollViewReader.app/$(BUNDLE_EXECUTABLE_FOLDER_PATH)/ScrollViewReader";
			};
			name = Release;
		};
		6624F6DC2BBD6A7C00EC29BA /* Debug */ = {
			isa = XCBuildConfiguration;
			buildSettings = {
				ALWAYS_EMBED_SWIFT_STANDARD_LIBRARIES = YES;
				CODE_SIGN_STYLE = Automatic;
				CURRENT_PROJECT_VERSION = 1;
				GENERATE_INFOPLIST_FILE = YES;
				MARKETING_VERSION = 1.0;
				PRODUCT_BUNDLE_IDENTIFIER = abhishek.ScrollViewReaderUITests;
				PRODUCT_NAME = "$(TARGET_NAME)";
				SWIFT_EMIT_LOC_STRINGS = NO;
				SWIFT_VERSION = 5.0;
				TARGETED_DEVICE_FAMILY = "1,2";
				TEST_TARGET_NAME = ScrollViewReader;
			};
			name = Debug;
		};
		6624F6DD2BBD6A7C00EC29BA /* Release */ = {
			isa = XCBuildConfiguration;
			buildSettings = {
				ALWAYS_EMBED_SWIFT_STANDARD_LIBRARIES = YES;
				CODE_SIGN_STYLE = Automatic;
				CURRENT_PROJECT_VERSION = 1;
				GENERATE_INFOPLIST_FILE = YES;
				MARKETING_VERSION = 1.0;
				PRODUCT_BUNDLE_IDENTIFIER = abhishek.ScrollViewReaderUITests;
				PRODUCT_NAME = "$(TARGET_NAME)";
				SWIFT_EMIT_LOC_STRINGS = NO;
				SWIFT_VERSION = 5.0;
				TARGETED_DEVICE_FAMILY = "1,2";
				TEST_TARGET_NAME = ScrollViewReader;
			};
			name = Release;
		};
/* End XCBuildConfiguration section */

/* Begin XCConfigurationList section */
		6624F6AA2BBD6A7700EC29BA /* Build configuration list for PBXProject "ScrollViewReader" */ = {
			isa = XCConfigurationList;
			buildConfigurations = (
				6624F6D32BBD6A7C00EC29BA /* Debug */,
				6624F6D42BBD6A7C00EC29BA /* Release */,
			);
			defaultConfigurationIsVisible = 0;
			defaultConfigurationName = Release;
		};
		6624F6D52BBD6A7C00EC29BA /* Build configuration list for PBXNativeTarget "ScrollViewReader" */ = {
			isa = XCConfigurationList;
			buildConfigurations = (
				6624F6D62BBD6A7C00EC29BA /* Debug */,
				6624F6D72BBD6A7C00EC29BA /* Release */,
			);
			defaultConfigurationIsVisible = 0;
			defaultConfigurationName = Release;
		};
		6624F6D82BBD6A7C00EC29BA /* Build configuration list for PBXNativeTarget "ScrollViewReaderTests" */ = {
			isa = XCConfigurationList;
			buildConfigurations = (
				6624F6D92BBD6A7C00EC29BA /* Debug */,
				6624F6DA2BBD6A7C00EC29BA /* Release */,
			);
			defaultConfigurationIsVisible = 0;
			defaultConfigurationName = Release;
		};
		6624F6DB2BBD6A7C00EC29BA /* Build configuration list for PBXNativeTarget "ScrollViewReaderUITests" */ = {
			isa = XCConfigurationList;
			buildConfigurations = (
				6624F6DC2BBD6A7C00EC29BA /* Debug */,
				6624F6DD2BBD6A7C00EC29BA /* Release */,
			);
			defaultConfigurationIsVisible = 0;
			defaultConfigurationName = Release;
		};
/* End XCConfigurationList section */
	};
	rootObject = 6624F6A72BBD6A7700EC29BA /* Project object */;
}
